// !$*UTF8*$!
{
	archiveVersion = 1;
	classes = {
	};
	objectVersion = 77;
	objects = {

/* Begin PBXBuildFile section */
		083F9E6E2DB03EEF00A80183 /* gitignore in Resources */ = {isa = PBXBuildFile; fileRef = 083F9E6D2DB03EEF00A80183 /* gitignore */; };
		083F9E702DB041F100A80183 /* README.md in Resources */ = {isa = PBXBuildFile; fileRef = 083F9E6F2DB041F100A80183 /* README.md */; };
		083F9E9E2DB2514500A80183 /* Landmark.swift in Sources */ = {isa = PBXBuildFile; fileRef = 083F9E902DB2514500A80183 /* Landmark.swift */; };
		083F9E9F2DB2514500A80183 /* ModelData.swift in Sources */ = {isa = PBXBuildFile; fileRef = 083F9E912DB2514500A80183 /* ModelData.swift */; };
		083F9EA02DB2514500A80183 /* CircleImage.swift in Sources */ = {isa = PBXBuildFile; fileRef = 083F9E952DB2514500A80183 /* CircleImage.swift */; };
		083F9EA12DB2514500A80183 /* ContentView.swift in Sources */ = {isa = PBXBuildFile; fileRef = 083F9E962DB2514500A80183 /* ContentView.swift */; };
		083F9EA22DB2514500A80183 /* LandmarkList.swift in Sources */ = {isa = PBXBuildFile; fileRef = 083F9E972DB2514500A80183 /* LandmarkList.swift */; };
		083F9EA32DB2514500A80183 /* LandmarkRow.swift in Sources */ = {isa = PBXBuildFile; fileRef = 083F9E982DB2514500A80183 /* LandmarkRow.swift */; };
		083F9EA42DB2514500A80183 /* MapView.swift in Sources */ = {isa = PBXBuildFile; fileRef = 083F9E992DB2514500A80183 /* MapView.swift */; };
		083F9EA52DB2514500A80183 /* LandmarksApp.swift in Sources */ = {isa = PBXBuildFile; fileRef = 083F9E9C2DB2514500A80183 /* LandmarksApp.swift */; };
		083F9EA62DB2514500A80183 /* landmarkData.json in Resources */ = {isa = PBXBuildFile; fileRef = 083F9E932DB2514500A80183 /* landmarkData.json */; };
		083F9EA72DB2514500A80183 /* Assets.xcassets in Resources */ = {isa = PBXBuildFile; fileRef = 083F9E9B2DB2514500A80183 /* Assets.xcassets */; };
		083F9EA92DB6804100A80183 /* LandmarkDetail.swift in Sources */ = {isa = PBXBuildFile; fileRef = 083F9EA82DB6804100A80183 /* LandmarkDetail.swift */; };
/* End PBXBuildFile section */

/* Begin PBXContainerItemProxy section */
		083F9E392DB016F700A80183 /* PBXContainerItemProxy */ = {
			isa = PBXContainerItemProxy;
			containerPortal = 083F9E232DB016F600A80183 /* Project object */;
			proxyType = 1;
			remoteGlobalIDString = 083F9E2A2DB016F600A80183;
			remoteInfo = Landmarks;
		};
		083F9E432DB016F700A80183 /* PBXContainerItemProxy */ = {
			isa = PBXContainerItemProxy;
			containerPortal = 083F9E232DB016F600A80183 /* Project object */;
			proxyType = 1;
			remoteGlobalIDString = 083F9E2A2DB016F600A80183;
			remoteInfo = Landmarks;
		};
/* End PBXContainerItemProxy section */

/* Begin PBXFileReference section */
		083F9E2B2DB016F600A80183 /* Landmarks.app */ = {isa = PBXFileReference; explicitFileType = wrapper.application; includeInIndex = 0; path = Landmarks.app; sourceTree = BUILT_PRODUCTS_DIR; };
		083F9E382DB016F700A80183 /* LandmarksTests.xctest */ = {isa = PBXFileReference; explicitFileType = wrapper.cfbundle; includeInIndex = 0; path = LandmarksTests.xctest; sourceTree = BUILT_PRODUCTS_DIR; };
		083F9E422DB016F700A80183 /* LandmarksUITests.xctest */ = {isa = PBXFileReference; explicitFileType = wrapper.cfbundle; includeInIndex = 0; path = LandmarksUITests.xctest; sourceTree = BUILT_PRODUCTS_DIR; };
		083F9E6D2DB03EEF00A80183 /* gitignore */ = {isa = PBXFileReference; lastKnownFileType = text; path = gitignore; sourceTree = "<group>"; };
		083F9E6F2DB041F100A80183 /* README.md */ = {isa = PBXFileReference; lastKnownFileType = net.daringfireball.markdown; path = README.md; sourceTree = "<group>"; };
		083F9E902DB2514500A80183 /* Landmark.swift */ = {isa = PBXFileReference; lastKnownFileType = sourcecode.swift; path = Landmark.swift; sourceTree = "<group>"; };
		083F9E912DB2514500A80183 /* ModelData.swift */ = {isa = PBXFileReference; lastKnownFileType = sourcecode.swift; path = ModelData.swift; sourceTree = "<group>"; };
		083F9E932DB2514500A80183 /* landmarkData.json */ = {isa = PBXFileReference; lastKnownFileType = text.json; path = landmarkData.json; sourceTree = "<group>"; };
		083F9E952DB2514500A80183 /* CircleImage.swift */ = {isa = PBXFileReference; lastKnownFileType = sourcecode.swift; path = CircleImage.swift; sourceTree = "<group>"; };
		083F9E962DB2514500A80183 /* ContentView.swift */ = {isa = PBXFileReference; lastKnownFileType = sourcecode.swift; path = ContentView.swift; sourceTree = "<group>"; };
		083F9E972DB2514500A80183 /* LandmarkList.swift */ = {isa = PBXFileReference; lastKnownFileType = sourcecode.swift; path = LandmarkList.swift; sourceTree = "<group>"; };
		083F9E982DB2514500A80183 /* LandmarkRow.swift */ = {isa = PBXFileReference; lastKnownFileType = sourcecode.swift; path = LandmarkRow.swift; sourceTree = "<group>"; };
		083F9E992DB2514500A80183 /* MapView.swift */ = {isa = PBXFileReference; lastKnownFileType = sourcecode.swift; path = MapView.swift; sourceTree = "<group>"; };
		083F9E9B2DB2514500A80183 /* Assets.xcassets */ = {isa = PBXFileReference; lastKnownFileType = folder.assetcatalog; path = Assets.xcassets; sourceTree = "<group>"; };
		083F9E9C2DB2514500A80183 /* LandmarksApp.swift */ = {isa = PBXFileReference; lastKnownFileType = sourcecode.swift; path = LandmarksApp.swift; sourceTree = "<group>"; };
		083F9EA82DB6804100A80183 /* LandmarkDetail.swift */ = {isa = PBXFileReference; lastKnownFileType = sourcecode.swift; path = LandmarkDetail.swift; sourceTree = "<group>"; };
/* End PBXFileReference section */

/* Begin PBXFileSystemSynchronizedRootGroup section */
		083F9E3B2DB016F700A80183 /* LandmarksTests */ = {
			isa = PBXFileSystemSynchronizedRootGroup;
			path = LandmarksTests;
			sourceTree = "<group>";
		};
		083F9E452DB016F700A80183 /* LandmarksUITests */ = {
			isa = PBXFileSystemSynchronizedRootGroup;
			path = LandmarksUITests;
			sourceTree = "<group>";
		};
/* End PBXFileSystemSynchronizedRootGroup section */

/* Begin PBXFrameworksBuildPhase section */
		083F9E282DB016F600A80183 /* Frameworks */ = {
			isa = PBXFrameworksBuildPhase;
			buildActionMask = 2147483647;
			files = (
			);
			runOnlyForDeploymentPostprocessing = 0;
		};
		083F9E352DB016F700A80183 /* Frameworks */ = {
			isa = PBXFrameworksBuildPhase;
			buildActionMask = 2147483647;
			files = (
			);
			runOnlyForDeploymentPostprocessing = 0;
		};
		083F9E3F2DB016F700A80183 /* Frameworks */ = {
			isa = PBXFrameworksBuildPhase;
			buildActionMask = 2147483647;
			files = (
			);
			runOnlyForDeploymentPostprocessing = 0;
		};
/* End PBXFrameworksBuildPhase section */

/* Begin PBXGroup section */
		083F9E222DB016F600A80183 = {
			isa = PBXGroup;
			children = (
				083F9E6D2DB03EEF00A80183 /* gitignore */,
				083F9E6F2DB041F100A80183 /* README.md */,
				083F9E9D2DB2514500A80183 /* Landmarks */,
				083F9E3B2DB016F700A80183 /* LandmarksTests */,
				083F9E452DB016F700A80183 /* LandmarksUITests */,
				083F9E2C2DB016F600A80183 /* Products */,
			);
			sourceTree = "<group>";
		};
		083F9E2C2DB016F600A80183 /* Products */ = {
			isa = PBXGroup;
			children = (
				083F9E2B2DB016F600A80183 /* Landmarks.app */,
				083F9E382DB016F700A80183 /* LandmarksTests.xctest */,
				083F9E422DB016F700A80183 /* LandmarksUITests.xctest */,
			);
			name = Products;
			sourceTree = "<group>";
		};
		083F9E922DB2514500A80183 /* Model */ = {
			isa = PBXGroup;
			children = (
				083F9E902DB2514500A80183 /* Landmark.swift */,
				083F9E912DB2514500A80183 /* ModelData.swift */,
			);
			path = Model;
			sourceTree = "<group>";
		};
		083F9E942DB2514500A80183 /* Ressources */ = {
			isa = PBXGroup;
			children = (
				083F9E932DB2514500A80183 /* landmarkData.json */,
			);
			path = Ressources;
			sourceTree = "<group>";
		};
		083F9E9A2DB2514500A80183 /* Views */ = {
			isa = PBXGroup;
			children = (
				083F9E952DB2514500A80183 /* CircleImage.swift */,
				083F9E962DB2514500A80183 /* ContentView.swift */,
				083F9E972DB2514500A80183 /* LandmarkList.swift */,
				083F9EA82DB6804100A80183 /* LandmarkDetail.swift */,
				083F9E982DB2514500A80183 /* LandmarkRow.swift */,
				083F9E992DB2514500A80183 /* MapView.swift */,
			);
			path = Views;
			sourceTree = "<group>";
		};
		083F9E9D2DB2514500A80183 /* Landmarks */ = {
			isa = PBXGroup;
			children = (
				083F9E922DB2514500A80183 /* Model */,
				083F9E942DB2514500A80183 /* Ressources */,
				083F9E9A2DB2514500A80183 /* Views */,
				083F9E9B2DB2514500A80183 /* Assets.xcassets */,
				083F9E9C2DB2514500A80183 /* LandmarksApp.swift */,
			);
			path = Landmarks;
			sourceTree = "<group>";
		};
/* End PBXGroup section */

/* Begin PBXNativeTarget section */
		083F9E2A2DB016F600A80183 /* Landmarks */ = {
			isa = PBXNativeTarget;
			buildConfigurationList = 083F9E4C2DB016F700A80183 /* Build configuration list for PBXNativeTarget "Landmarks" */;
			buildPhases = (
				083F9E272DB016F600A80183 /* Sources */,
				083F9E282DB016F600A80183 /* Frameworks */,
				083F9E292DB016F600A80183 /* Resources */,
			);
			buildRules = (
			);
			dependencies = (
			);
			name = Landmarks;
			packageProductDependencies = (
			);
			productName = Landmarks;
			productReference = 083F9E2B2DB016F600A80183 /* Landmarks.app */;
			productType = "com.apple.product-type.application";
		};
		083F9E372DB016F700A80183 /* LandmarksTests */ = {
			isa = PBXNativeTarget;
			buildConfigurationList = 083F9E4F2DB016F700A80183 /* Build configuration list for PBXNativeTarget "LandmarksTests" */;
			buildPhases = (
				083F9E342DB016F700A80183 /* Sources */,
				083F9E352DB016F700A80183 /* Frameworks */,
				083F9E362DB016F700A80183 /* Resources */,
			);
			buildRules = (
			);
			dependencies = (
				083F9E3A2DB016F700A80183 /* PBXTargetDependency */,
			);
			fileSystemSynchronizedGroups = (
				083F9E3B2DB016F700A80183 /* LandmarksTests */,
			);
			name = LandmarksTests;
			packageProductDependencies = (
			);
			productName = LandmarksTests;
			productReference = 083F9E382DB016F700A80183 /* LandmarksTests.xctest */;
			productType = "com.apple.product-type.bundle.unit-test";
		};
		083F9E412DB016F700A80183 /* LandmarksUITests */ = {
			isa = PBXNativeTarget;
			buildConfigurationList = 083F9E522DB016F700A80183 /* Build configuration list for PBXNativeTarget "LandmarksUITests" */;
			buildPhases = (
				083F9E3E2DB016F700A80183 /* Sources */,
				083F9E3F2DB016F700A80183 /* Frameworks */,
				083F9E402DB016F700A80183 /* Resources */,
			);
			buildRules = (
			);
			dependencies = (
				083F9E442DB016F700A80183 /* PBXTargetDependency */,
			);
			fileSystemSynchronizedGroups = (
				083F9E452DB016F700A80183 /* LandmarksUITests */,
			);
			name = LandmarksUITests;
			packageProductDependencies = (
			);
			productName = LandmarksUITests;
			productReference = 083F9E422DB016F700A80183 /* LandmarksUITests.xctest */;
			productType = "com.apple.product-type.bundle.ui-testing";
		};
/* End PBXNativeTarget section */

/* Begin PBXProject section */
		083F9E232DB016F600A80183 /* Project object */ = {
			isa = PBXProject;
			attributes = {
				BuildIndependentTargetsInParallel = 1;
				LastSwiftUpdateCheck = 1630;
				LastUpgradeCheck = 1630;
				TargetAttributes = {
					083F9E2A2DB016F600A80183 = {
						CreatedOnToolsVersion = 16.3;
					};
					083F9E372DB016F700A80183 = {
						CreatedOnToolsVersion = 16.3;
						TestTargetID = 083F9E2A2DB016F600A80183;
					};
					083F9E412DB016F700A80183 = {
						CreatedOnToolsVersion = 16.3;
						TestTargetID = 083F9E2A2DB016F600A80183;
					};
				};
			};
			buildConfigurationList = 083F9E262DB016F600A80183 /* Build configuration list for PBXProject "Landmarks" */;
			developmentRegion = en;
			hasScannedForEncodings = 0;
			knownRegions = (
				en,
				Base,
			);
			mainGroup = 083F9E222DB016F600A80183;
			minimizedProjectReferenceProxies = 1;
			preferredProjectObjectVersion = 77;
			productRefGroup = 083F9E2C2DB016F600A80183 /* Products */;
			projectDirPath = "";
			projectRoot = "";
			targets = (
				083F9E2A2DB016F600A80183 /* Landmarks */,
				083F9E372DB016F700A80183 /* LandmarksTests */,
				083F9E412DB016F700A80183 /* LandmarksUITests */,
			);
		};
/* End PBXProject section */

/* Begin PBXResourcesBuildPhase section */
		083F9E292DB016F600A80183 /* Resources */ = {
			isa = PBXResourcesBuildPhase;
			buildActionMask = 2147483647;
			files = (
				083F9EA62DB2514500A80183 /* landmarkData.json in Resources */,
				083F9EA72DB2514500A80183 /* Assets.xcassets in Resources */,
				083F9E6E2DB03EEF00A80183 /* gitignore in Resources */,
				083F9E702DB041F100A80183 /* README.md in Resources */,
			);
			runOnlyForDeploymentPostprocessing = 0;
		};
		083F9E362DB016F700A80183 /* Resources */ = {
			isa = PBXResourcesBuildPhase;
			buildActionMask = 2147483647;
			files = (
			);
			runOnlyForDeploymentPostprocessing = 0;
		};
		083F9E402DB016F700A80183 /* Resources */ = {
			isa = PBXResourcesBuildPhase;
			buildActionMask = 2147483647;
			files = (
			);
			runOnlyForDeploymentPostprocessing = 0;
		};
/* End PBXResourcesBuildPhase section */

/* Begin PBXSourcesBuildPhase section */
		083F9E272DB016F600A80183 /* Sources */ = {
			isa = PBXSourcesBuildPhase;
			buildActionMask = 2147483647;
			files = (
				083F9E9E2DB2514500A80183 /* Landmark.swift in Sources */,
				083F9E9F2DB2514500A80183 /* ModelData.swift in Sources */,
				083F9EA02DB2514500A80183 /* CircleImage.swift in Sources */,
				083F9EA12DB2514500A80183 /* ContentView.swift in Sources */,
				083F9EA92DB6804100A80183 /* LandmarkDetail.swift in Sources */,
				083F9EA22DB2514500A80183 /* LandmarkList.swift in Sources */,
				083F9EA32DB2514500A80183 /* LandmarkRow.swift in Sources */,
				083F9EA42DB2514500A80183 /* MapView.swift in Sources */,
				083F9EA52DB2514500A80183 /* LandmarksApp.swift in Sources */,
			);
			runOnlyForDeploymentPostprocessing = 0;
		};
		083F9E342DB016F700A80183 /* Sources */ = {
			isa = PBXSourcesBuildPhase;
			buildActionMask = 2147483647;
			files = (
			);
			runOnlyForDeploymentPostprocessing = 0;
		};
		083F9E3E2DB016F700A80183 /* Sources */ = {
			isa = PBXSourcesBuildPhase;
			buildActionMask = 2147483647;
			files = (
			);
			runOnlyForDeploymentPostprocessing = 0;
		};
/* End PBXSourcesBuildPhase section */

/* Begin PBXTargetDependency section */
		083F9E3A2DB016F700A80183 /* PBXTargetDependency */ = {
			isa = PBXTargetDependency;
			target = 083F9E2A2DB016F600A80183 /* Landmarks */;
			targetProxy = 083F9E392DB016F700A80183 /* PBXContainerItemProxy */;
		};
		083F9E442DB016F700A80183 /* PBXTargetDependency */ = {
			isa = PBXTargetDependency;
			target = 083F9E2A2DB016F600A80183 /* Landmarks */;
			targetProxy = 083F9E432DB016F700A80183 /* PBXContainerItemProxy */;
		};
/* End PBXTargetDependency section */

/* Begin XCBuildConfiguration section */
		083F9E4A2DB016F700A80183 /* Debug */ = {
			isa = XCBuildConfiguration;
			buildSettings = {
				ALWAYS_SEARCH_USER_PATHS = NO;
				ASSETCATALOG_COMPILER_GENERATE_SWIFT_ASSET_SYMBOL_EXTENSIONS = YES;
				CLANG_ANALYZER_NONNULL = YES;
				CLANG_ANALYZER_NUMBER_OBJECT_CONVERSION = YES_AGGRESSIVE;
				CLANG_CXX_LANGUAGE_STANDARD = "gnu++20";
				CLANG_ENABLE_MODULES = YES;
				CLANG_ENABLE_OBJC_ARC = YES;
				CLANG_ENABLE_OBJC_WEAK = YES;
				CLANG_WARN_BLOCK_CAPTURE_AUTORELEASING = YES;
				CLANG_WARN_BOOL_CONVERSION = YES;
				CLANG_WARN_COMMA = YES;
				CLANG_WARN_CONSTANT_CONVERSION = YES;
				CLANG_WARN_DEPRECATED_OBJC_IMPLEMENTATIONS = YES;
				CLANG_WARN_DIRECT_OBJC_ISA_USAGE = YES_ERROR;
				CLANG_WARN_DOCUMENTATION_COMMENTS = YES;
				CLANG_WARN_EMPTY_BODY = YES;
				CLANG_WARN_ENUM_CONVERSION = YES;
				CLANG_WARN_INFINITE_RECURSION = YES;
				CLANG_WARN_INT_CONVERSION = YES;
				CLANG_WARN_NON_LITERAL_NULL_CONVERSION = YES;
				CLANG_WARN_OBJC_IMPLICIT_RETAIN_SELF = YES;
				CLANG_WARN_OBJC_LITERAL_CONVERSION = YES;
				CLANG_WARN_OBJC_ROOT_CLASS = YES_ERROR;
				CLANG_WARN_QUOTED_INCLUDE_IN_FRAMEWORK_HEADER = YES;
				CLANG_WARN_RANGE_LOOP_ANALYSIS = YES;
				CLANG_WARN_STRICT_PROTOTYPES = YES;
				CLANG_WARN_SUSPICIOUS_MOVE = YES;
				CLANG_WARN_UNGUARDED_AVAILABILITY = YES_AGGRESSIVE;
				CLANG_WARN_UNREACHABLE_CODE = YES;
				CLANG_WARN__DUPLICATE_METHOD_MATCH = YES;
				COPY_PHASE_STRIP = NO;
				DEBUG_INFORMATION_FORMAT = dwarf;
				ENABLE_STRICT_OBJC_MSGSEND = YES;
				ENABLE_TESTABILITY = YES;
				ENABLE_USER_SCRIPT_SANDBOXING = YES;
				GCC_C_LANGUAGE_STANDARD = gnu17;
				GCC_DYNAMIC_NO_PIC = NO;
				GCC_NO_COMMON_BLOCKS = YES;
				GCC_OPTIMIZATION_LEVEL = 0;
				GCC_PREPROCESSOR_DEFINITIONS = (
					"DEBUG=1",
					"$(inherited)",
				);
				GCC_WARN_64_TO_32_BIT_CONVERSION = YES;
				GCC_WARN_ABOUT_RETURN_TYPE = YES_ERROR;
				GCC_WARN_UNDECLARED_SELECTOR = YES;
				GCC_WARN_UNINITIALIZED_AUTOS = YES_AGGRESSIVE;
				GCC_WARN_UNUSED_FUNCTION = YES;
				GCC_WARN_UNUSED_VARIABLE = YES;
				IPHONEOS_DEPLOYMENT_TARGET = 18.4;
				LOCALIZATION_PREFERS_STRING_CATALOGS = YES;
				MTL_ENABLE_DEBUG_INFO = INCLUDE_SOURCE;
				MTL_FAST_MATH = YES;
				ONLY_ACTIVE_ARCH = YES;
				SDKROOT = iphoneos;
				SWIFT_ACTIVE_COMPILATION_CONDITIONS = "DEBUG $(inherited)";
				SWIFT_OPTIMIZATION_LEVEL = "-Onone";
			};
			name = Debug;
		};
		083F9E4B2DB016F700A80183 /* Release */ = {
			isa = XCBuildConfiguration;
			buildSettings = {
				ALWAYS_SEARCH_USER_PATHS = NO;
				ASSETCATALOG_COMPILER_GENERATE_SWIFT_ASSET_SYMBOL_EXTENSIONS = YES;
				CLANG_ANALYZER_NONNULL = YES;
				CLANG_ANALYZER_NUMBER_OBJECT_CONVERSION = YES_AGGRESSIVE;
				CLANG_CXX_LANGUAGE_STANDARD = "gnu++20";
				CLANG_ENABLE_MODULES = YES;
				CLANG_ENABLE_OBJC_ARC = YES;
				CLANG_ENABLE_OBJC_WEAK = YES;
				CLANG_WARN_BLOCK_CAPTURE_AUTORELEASING = YES;
				CLANG_WARN_BOOL_CONVERSION = YES;
				CLANG_WARN_COMMA = YES;
				CLANG_WARN_CONSTANT_CONVERSION = YES;
				CLANG_WARN_DEPRECATED_OBJC_IMPLEMENTATIONS = YES;
				CLANG_WARN_DIRECT_OBJC_ISA_USAGE = YES_ERROR;
				CLANG_WARN_DOCUMENTATION_COMMENTS = YES;
				CLANG_WARN_EMPTY_BODY = YES;
				CLANG_WARN_ENUM_CONVERSION = YES;
				CLANG_WARN_INFINITE_RECURSION = YES;
				CLANG_WARN_INT_CONVERSION = YES;
				CLANG_WARN_NON_LITERAL_NULL_CONVERSION = YES;
				CLANG_WARN_OBJC_IMPLICIT_RETAIN_SELF = YES;
				CLANG_WARN_OBJC_LITERAL_CONVERSION = YES;
				CLANG_WARN_OBJC_ROOT_CLASS = YES_ERROR;
				CLANG_WARN_QUOTED_INCLUDE_IN_FRAMEWORK_HEADER = YES;
				CLANG_WARN_RANGE_LOOP_ANALYSIS = YES;
				CLANG_WARN_STRICT_PROTOTYPES = YES;
				CLANG_WARN_SUSPICIOUS_MOVE = YES;
				CLANG_WARN_UNGUARDED_AVAILABILITY = YES_AGGRESSIVE;
				CLANG_WARN_UNREACHABLE_CODE = YES;
				CLANG_WARN__DUPLICATE_METHOD_MATCH = YES;
				COPY_PHASE_STRIP = NO;
				DEBUG_INFORMATION_FORMAT = "dwarf-with-dsym";
				ENABLE_NS_ASSERTIONS = NO;
				ENABLE_STRICT_OBJC_MSGSEND = YES;
				ENABLE_USER_SCRIPT_SANDBOXING = YES;
				GCC_C_LANGUAGE_STANDARD = gnu17;
				GCC_NO_COMMON_BLOCKS = YES;
				GCC_WARN_64_TO_32_BIT_CONVERSION = YES;
				GCC_WARN_ABOUT_RETURN_TYPE = YES_ERROR;
				GCC_WARN_UNDECLARED_SELECTOR = YES;
				GCC_WARN_UNINITIALIZED_AUTOS = YES_AGGRESSIVE;
				GCC_WARN_UNUSED_FUNCTION = YES;
				GCC_WARN_UNUSED_VARIABLE = YES;
				IPHONEOS_DEPLOYMENT_TARGET = 18.4;
				LOCALIZATION_PREFERS_STRING_CATALOGS = YES;
				MTL_ENABLE_DEBUG_INFO = NO;
				MTL_FAST_MATH = YES;
				SDKROOT = iphoneos;
				SWIFT_COMPILATION_MODE = wholemodule;
				VALIDATE_PRODUCT = YES;
			};
			name = Release;
		};
		083F9E4D2DB016F700A80183 /* Debug */ = {
			isa = XCBuildConfiguration;
			buildSettings = {
				ASSETCATALOG_COMPILER_APPICON_NAME = AppIcon;
				ASSETCATALOG_COMPILER_GLOBAL_ACCENT_COLOR_NAME = AccentColor;
				CODE_SIGN_STYLE = Automatic;
				CURRENT_PROJECT_VERSION = 1;
				ENABLE_PREVIEWS = YES;
				GENERATE_INFOPLIST_FILE = YES;
				INFOPLIST_KEY_UIApplicationSceneManifest_Generation = YES;
				INFOPLIST_KEY_UIApplicationSupportsIndirectInputEvents = YES;
				INFOPLIST_KEY_UILaunchScreen_Generation = YES;
				INFOPLIST_KEY_UISupportedInterfaceOrientations_iPad = "UIInterfaceOrientationPortrait UIInterfaceOrientationPortraitUpsideDown UIInterfaceOrientationLandscapeLeft UIInterfaceOrientationLandscapeRight";
				INFOPLIST_KEY_UISupportedInterfaceOrientations_iPhone = "UIInterfaceOrientationPortrait UIInterfaceOrientationLandscapeLeft UIInterfaceOrientationLandscapeRight";
				LD_RUNPATH_SEARCH_PATHS = (
					"$(inherited)",
					"@executable_path/Frameworks",
				);
				MARKETING_VERSION = 1.0;
				PRODUCT_BUNDLE_IDENTIFIER = estello.Landmarks.Landmarks;
				PRODUCT_NAME = "$(TARGET_NAME)";
				SWIFT_EMIT_LOC_STRINGS = YES;
				SWIFT_VERSION = 5.0;
				TARGETED_DEVICE_FAMILY = "1,2";
			};
			name = Debug;
		};
		083F9E4E2DB016F700A80183 /* Release */ = {
			isa = XCBuildConfiguration;
			buildSettings = {
				ASSETCATALOG_COMPILER_APPICON_NAME = AppIcon;
				ASSETCATALOG_COMPILER_GLOBAL_ACCENT_COLOR_NAME = AccentColor;
				CODE_SIGN_STYLE = Automatic;
				CURRENT_PROJECT_VERSION = 1;
				ENABLE_PREVIEWS = YES;
				GENERATE_INFOPLIST_FILE = YES;
				INFOPLIST_KEY_UIApplicationSceneManifest_Generation = YES;
				INFOPLIST_KEY_UIApplicationSupportsIndirectInputEvents = YES;
				INFOPLIST_KEY_UILaunchScreen_Generation = YES;
				INFOPLIST_KEY_UISupportedInterfaceOrientations_iPad = "UIInterfaceOrientationPortrait UIInterfaceOrientationPortraitUpsideDown UIInterfaceOrientationLandscapeLeft UIInterfaceOrientationLandscapeRight";
				INFOPLIST_KEY_UISupportedInterfaceOrientations_iPhone = "UIInterfaceOrientationPortrait UIInterfaceOrientationLandscapeLeft UIInterfaceOrientationLandscapeRight";
				LD_RUNPATH_SEARCH_PATHS = (
					"$(inherited)",
					"@executable_path/Frameworks",
				);
				MARKETING_VERSION = 1.0;
				PRODUCT_BUNDLE_IDENTIFIER = estello.Landmarks.Landmarks;
				PRODUCT_NAME = "$(TARGET_NAME)";
				SWIFT_EMIT_LOC_STRINGS = YES;
				SWIFT_VERSION = 5.0;
				TARGETED_DEVICE_FAMILY = "1,2";
			};
			name = Release;
		};
		083F9E502DB016F700A80183 /* Debug */ = {
			isa = XCBuildConfiguration;
			buildSettings = {
				BUNDLE_LOADER = "$(TEST_HOST)";
				CODE_SIGN_STYLE = Automatic;
				CURRENT_PROJECT_VERSION = 1;
				GENERATE_INFOPLIST_FILE = YES;
				IPHONEOS_DEPLOYMENT_TARGET = 18.4;
				MARKETING_VERSION = 1.0;
				PRODUCT_BUNDLE_IDENTIFIER = estello.Landmarks.LandmarksTests;
				PRODUCT_NAME = "$(TARGET_NAME)";
				SWIFT_EMIT_LOC_STRINGS = NO;
				SWIFT_VERSION = 5.0;
				TARGETED_DEVICE_FAMILY = "1,2";
				TEST_HOST = "$(BUILT_PRODUCTS_DIR)/Landmarks.app/$(BUNDLE_EXECUTABLE_FOLDER_PATH)/Landmarks";
			};
			name = Debug;
		};
		083F9E512DB016F700A80183 /* Release */ = {
			isa = XCBuildConfiguration;
			buildSettings = {
				BUNDLE_LOADER = "$(TEST_HOST)";
				CODE_SIGN_STYLE = Automatic;
				CURRENT_PROJECT_VERSION = 1;
				GENERATE_INFOPLIST_FILE = YES;
				IPHONEOS_DEPLOYMENT_TARGET = 18.4;
				MARKETING_VERSION = 1.0;
				PRODUCT_BUNDLE_IDENTIFIER = estello.Landmarks.LandmarksTests;
				PRODUCT_NAME = "$(TARGET_NAME)";
				SWIFT_EMIT_LOC_STRINGS = NO;
				SWIFT_VERSION = 5.0;
				TARGETED_DEVICE_FAMILY = "1,2";
				TEST_HOST = "$(BUILT_PRODUCTS_DIR)/Landmarks.app/$(BUNDLE_EXECUTABLE_FOLDER_PATH)/Landmarks";
			};
			name = Release;
		};
		083F9E532DB016F700A80183 /* Debug */ = {
			isa = XCBuildConfiguration;
			buildSettings = {
				CODE_SIGN_STYLE = Automatic;
				CURRENT_PROJECT_VERSION = 1;
				GENERATE_INFOPLIST_FILE = YES;
				MARKETING_VERSION = 1.0;
				PRODUCT_BUNDLE_IDENTIFIER = estello.Landmarks.LandmarksUITests;
				PRODUCT_NAME = "$(TARGET_NAME)";
				SWIFT_EMIT_LOC_STRINGS = NO;
				SWIFT_VERSION = 5.0;
				TARGETED_DEVICE_FAMILY = "1,2";
				TEST_TARGET_NAME = Landmarks;
			};
			name = Debug;
		};
		083F9E542DB016F700A80183 /* Release */ = {
			isa = XCBuildConfiguration;
			buildSettings = {
				CODE_SIGN_STYLE = Automatic;
				CURRENT_PROJECT_VERSION = 1;
				GENERATE_INFOPLIST_FILE = YES;
				MARKETING_VERSION = 1.0;
				PRODUCT_BUNDLE_IDENTIFIER = estello.Landmarks.LandmarksUITests;
				PRODUCT_NAME = "$(TARGET_NAME)";
				SWIFT_EMIT_LOC_STRINGS = NO;
				SWIFT_VERSION = 5.0;
				TARGETED_DEVICE_FAMILY = "1,2";
				TEST_TARGET_NAME = Landmarks;
			};
			name = Release;
		};
/* End XCBuildConfiguration section */

/* Begin XCConfigurationList section */
		083F9E262DB016F600A80183 /* Build configuration list for PBXProject "Landmarks" */ = {
			isa = XCConfigurationList;
			buildConfigurations = (
				083F9E4A2DB016F700A80183 /* Debug */,
				083F9E4B2DB016F700A80183 /* Release */,
			);
			defaultConfigurationIsVisible = 0;
			defaultConfigurationName = Release;
		};
		083F9E4C2DB016F700A80183 /* Build configuration list for PBXNativeTarget "Landmarks" */ = {
			isa = XCConfigurationList;
			buildConfigurations = (
				083F9E4D2DB016F700A80183 /* Debug */,
				083F9E4E2DB016F700A80183 /* Release */,
			);
			defaultConfigurationIsVisible = 0;
			defaultConfigurationName = Release;
		};
		083F9E4F2DB016F700A80183 /* Build configuration list for PBXNativeTarget "LandmarksTests" */ = {
			isa = XCConfigurationList;
			buildConfigurations = (
				083F9E502DB016F700A80183 /* Debug */,
				083F9E512DB016F700A80183 /* Release */,
			);
			defaultConfigurationIsVisible = 0;
			defaultConfigurationName = Release;
		};
		083F9E522DB016F700A80183 /* Build configuration list for PBXNativeTarget "LandmarksUITests" */ = {
			isa = XCConfigurationList;
			buildConfigurations = (
				083F9E532DB016F700A80183 /* Debug */,
				083F9E542DB016F700A80183 /* Release */,
			);
			defaultConfigurationIsVisible = 0;
			defaultConfigurationName = Release;
		};
/* End XCConfigurationList section */
	};
	rootObject = 083F9E232DB016F600A80183 /* Project object */;
}
